# This file is automatically @generated by Cargo.
# It is not intended for manual editing.
version = 4

[[package]]
name = "termo-rs"
version = "0.1.0"
dependencies = [
 "unicode-segmentation",
 "unicode-width",
]

[[package]]
name = "unicode-segmentation"
version = "1.13.3"

[[package]]
name = "unicode-width"
version = "0.2.2"
